{
  "name": "holymax",
  "version": "1.0.0",
  "lockfileVersion": 3,
  "requires": true,
  "packages": {
    "": {
      "name": "holymax",
      "version": "1.0.0",
      "hasInstallScript": true,
      "dependencies": {
        "fingerprint-generator": "^2.1.82",
        "fingerprint-injector": "^2.1.82",
        "patchright": "^1.60.2",
        "playwright": "^1.60.0",
        "playwright-ghost": "^0.18.0"
      }
    },
    "node_modules/@sindresorhus/is": {
      "version": "4.6.0",
      "resolved": "https://registry.npmjs.org/@sindresorhus/is/-/is-4.6.0.tgz",
      "integrity": "sha512-t09vSN3MdfsyCHoFcTRCH/iUtG7OJ0CsjzB8cjAmKc/va/kIgeDI/TxsigdncE/4be734m0cvIYwNaV4i2XqAw==",
      "license": "MIT",
      "engines": {
        "node": ">=10"
      },
      "funding": {
        "url": "https://github.com/sindresorhus/is?sponsor=1"
      }
    },
    "node_modules/@types/bezier-js": {
      "version": "4.1.3",
      "resolved": "https://registry.npmjs.org/@types/bezier-js/-/bezier-js-4.1.3.tgz",
      "integrity": "sha512-FNVVCu5mx/rJCWBxLTcL7oOajmGtWtBTDjq6DSUWUI12GeePivrZZXz+UgE0D6VYsLEjvExRO03z4hVtu3pTEQ==",
      "license": "MIT"
    },
    "node_modules/adm-zip": {
      "version": "0.5.17",
      "resolved": "https://registry.npmjs.org/adm-zip/-/adm-zip-0.5.17.tgz",
      "integrity": "sha512-+Ut8d9LLqwEvHHJl1+PIHqoyDxFgVN847JTVM3Izi3xHDWPE4UtzzXysMZQs64DMcrJfBeS/uoEP4AD3HQHnQQ==",
      "license": "MIT",
      "engines": {
        "node": ">=12.0"
      }
    },
    "node_modules/baseline-browser-mapping": {
      "version": "2.10.37",
      "resolved": "https://registry.npmjs.org/baseline-browser-mapping/-/baseline-browser-mapping-2.10.37.tgz",
      "integrity": "sha512-girxaJ7WZssDOFhzCGZTDKoTa1gk6A1TbflaYTpykLJ4UU9Fz9kx1aREM8JCuoVHbL8X8T/mJg7w2oYSq72Oig==",
      "license": "Apache-2.0",
      "bin": {
        "baseline-browser-mapping": "dist/cli.cjs"
      },
      "engines": {
        "node": ">=6.0.0"
      }
    },
    "node_modules/bezier-js": {
      "version": "6.1.4",
      "resolved": "https://registry.npmjs.org/bezier-js/-/bezier-js-6.1.4.tgz",
      "integrity": "sha512-PA0FW9ZpcHbojUCMu28z9Vg/fNkwTj5YhusSAjHHDfHDGLxJ6YUKrAN2vk1fP2MMOxVw4Oko16FMlRGVBGqLKg==",
      "license": "MIT",
      "funding": {
        "type": "individual",
        "url": "https://github.com/Pomax/bezierjs/blob/master/FUNDING.md"
      }
    },
    "node_modules/browserslist": {
      "version": "4.28.2",
      "resolved": "https://registry.npmjs.org/browserslist/-/browserslist-4.28.2.tgz",
      "integrity": "sha512-48xSriZYYg+8qXna9kwqjIVzuQxi+KYWp2+5nCYnYKPTr0LvD89Jqk2Or5ogxz0NUMfIjhh2lIUX/LyX9B4oIg==",
      "funding": [
        {
          "type": "opencollective",
          "url": "https://opencollective.com/browserslist"
        },
        {
          "type": "tidelift",
          "url": "https://tidelift.com/funding/github/npm/browserslist"
        },
        {
          "type": "github",
          "url": "https://github.com/sponsors/ai"
        }
      ],
      "license": "MIT",
      "dependencies": {
        "baseline-browser-mapping": "^2.10.12",
        "caniuse-lite": "^1.0.30001782",
        "electron-to-chromium": "^1.5.328",
        "node-releases": "^2.0.36",
        "update-browserslist-db": "^1.2.3"
      },
      "bin": {
        "browserslist": "cli.js"
      },
      "engines": {
        "node": "^6 || ^7 || ^8 || ^9 || ^10 || ^11 || ^12 || >=13.7"
      }
    },
    "node_modules/callsites": {
      "version": "3.1.0",
      "resolved": "https://registry.npmjs.org/callsites/-/callsites-3.1.0.tgz",
      "integrity": "sha512-P8BjAsXvZS+VIDUI11hHCQEv74YT67YUi5JJFNWIqL235sBmjX4+qx9Muvls5ivyNENctx46xQLQ3aTuE7ssaQ==",
      "license": "MIT",
      "engines": {
        "node": ">=6"
      }
    },
    "node_modules/caniuse-lite": {
      "version": "1.0.30001799",
      "resolved": "https://registry.npmjs.org/caniuse-lite/-/caniuse-lite-1.0.30001799.tgz",
      "integrity": "sha512-hG1bReV+OUU+MOqK4t/ZWI0tZOyz3rqS9XuhOUz1cIcbwBKjOyJEJuw9ER5JuNyqxNk8u/JUVbGibBOL1yrjFw==",
      "funding": [
        {
          "type": "opencollective",
          "url": "https://opencollective.com/browserslist"
        },
        {
          "type": "tidelift",
          "url": "https://tidelift.com/funding/github/npm/caniuse-lite"
        },
        {
          "type": "github",
          "url": "https://github.com/sponsors/ai"
        }
      ],
      "license": "CC-BY-4.0"
    },
    "node_modules/debug": {
      "version": "4.4.3",
      "resolved": "https://registry.npmjs.org/debug/-/debug-4.4.3.tgz",
      "integrity": "sha512-RGwwWnwQvkVfavKVt22FGLw+xYSdzARwm0ru6DhTVA3umU5hZc28V3kO4stgYryrTlLpuvgI9GiijltAjNbcqA==",
      "license": "MIT",
      "dependencies": {
        "ms": "^2.1.3"
      },
      "engines": {
        "node": ">=6.0"
      },
      "peerDependenciesMeta": {
        "supports-color": {
          "optional": true
        }
      }
    },
    "node_modules/dot-prop": {
      "version": "6.0.1",
      "resolved": "https://registry.npmjs.org/dot-prop/-/dot-prop-6.0.1.tgz",
      "integrity": "sha512-tE7ztYzXHIeyvc7N+hR3oi7FIbf/NIjVP9hmAt3yMXzrQ072/fpjGLx2GxNxGxUl5V73MEqYzioOMoVhGMJ5cA==",
      "license": "MIT",
      "dependencies": {
        "is-obj": "^2.0.0"
      },
      "engines": {
        "node": ">=10"
      },
      "funding": {
        "url": "https://github.com/sponsors/sindresorhus"
      }
    },
    "node_modules/electron-to-chromium": {
      "version": "1.5.372",
      "resolved": "https://registry.npmjs.org/electron-to-chromium/-/electron-to-chromium-1.5.372.tgz",
      "integrity": "sha512-M3yhbAlilnwqC8D21t28UCDGHyitShTmmLRU/H+b74P6Ski16Nb9HONYEaVpMj/pwC7BEo5B95FpjODLCWbtfA==",
      "license": "ISC"
    },
    "node_modules/escalade": {
      "version": "3.2.0",
      "resolved": "https://registry.npmjs.org/escalade/-/escalade-3.2.0.tgz",
      "integrity": "sha512-WUj2qlxaQtO4g6Pq5c29GTcWGDyd8itL8zTlipgECz3JesAiiOKotd8JU6otB3PACgG6xkJUyVhboMS+bje/jA==",
      "license": "MIT",
      "engines": {
        "node": ">=6"
      }
    },
    "node_modules/fingerprint-generator": {
      "version": "2.1.82",
      "resolved": "https://registry.npmjs.org/fingerprint-generator/-/fingerprint-generator-2.1.82.tgz",
      "integrity": "sha512-5Z/yCKW324pMyMarpIKe/QPdkrFWKNJv3ktdU+fXHri80+HAwNE6QhMvEvsMkK9Q8DeCXZlpPHV77UBa1nFb4A==",
      "license": "Apache-2.0",
      "dependencies": {
        "generative-bayesian-network": "^2.1.82",
        "header-generator": "^2.1.82",
        "tslib": "^2.4.0"
      },
      "engines": {
        "node": ">=16.0.0"
      }
    },
    "node_modules/fingerprint-injector": {
      "version": "2.1.82",
      "resolved": "https://registry.npmjs.org/fingerprint-injector/-/fingerprint-injector-2.1.82.tgz",
      "integrity": "sha512-FN7W1wbhHk2PBCF6wpBEcFnmOdGUItZnbpVBtYVcQ1/iGM0skNUDqJyH1YOjmpQiqEl2Rhh7qWNXYsivjsT+tg==",
      "license": "Apache-2.0",
      "dependencies": {
        "fingerprint-generator": "^2.1.82",
        "tslib": "^2.4.0"
      },
      "engines": {
        "node": ">=16.0.0"
      },
      "peerDependencies": {
        "playwright": "^1.22.2",
        "puppeteer": ">= 9.x"
      },
      "peerDependenciesMeta": {
        "playwright": {
          "optional": true
        },
        "puppeteer": {
          "optional": true
        }
      }
    },
    "node_modules/fsevents": {
      "version": "2.3.2",
      "resolved": "https://registry.npmjs.org/fsevents/-/fsevents-2.3.2.tgz",
      "integrity": "sha512-xiqMQR4xAeHTuB9uWm+fFRcIOgKBMiOBP+eXiyT7jsgVCq1bkVygt00oASowB7EdtpOHaaPgKt812P9ab+DDKA==",
      "hasInstallScript": true,
      "license": "MIT",
      "optional": true,
      "os": [
        "darwin"
      ],
      "engines": {
        "node": "^8.16.0 || ^10.6.0 || >=11.0.0"
      }
    },
    "node_modules/generative-bayesian-network": {
      "version": "2.1.83",
      "resolved": "https://registry.npmjs.org/generative-bayesian-network/-/generative-bayesian-network-2.1.83.tgz",
      "integrity": "sha512-LssI9es+oUoezoHloFGw0Hts0YEfujjBOE8KNl70oBt4HPjD/4rpUqcgZ/M7RCmgKvkmCyPB2KWowyJHuKyhfw==",
      "license": "Apache-2.0",
      "dependencies": {
        "adm-zip": "^0.5.9",
        "tslib": "^2.4.0"
      }
    },
    "node_modules/ghost-cursor": {
      "version": "1.4.2",
      "resolved": "https://registry.npmjs.org/ghost-cursor/-/ghost-cursor-1.4.2.tgz",
      "integrity": "sha512-NPMuH05Ik9h99zrAb4fvAzhB4T6MqKwdPoI+Me0IJWN3676j4UoAsjKN/cJq5AG4zyZwAEPPggZXHVU0P57/5g==",
      "license": "ISC",
      "dependencies": {
        "@types/bezier-js": "4",
        "bezier-js": "^6.1.3",
        "debug": "^4.3.4"
      }
    },
    "node_modules/header-generator": {
      "version": "2.1.82",
      "resolved": "https://registry.npmjs.org/header-generator/-/header-generator-2.1.82.tgz",
      "integrity": "sha512-4NjPB0+bAKjPoponSmTOkK58IEF2W22sOJA5O48k/MxbCZgOm+jrU4WVR53Z2I6xFgIPkVrQmKtt1LAbWtfqXw==",
      "license": "Apache-2.0",
      "dependencies": {
        "browserslist": "^4.21.1",
        "generative-bayesian-network": "^2.1.82",
        "ow": "^0.28.1",
        "tslib": "^2.4.0"
      },
      "engines": {
        "node": ">=16.0.0"
      }
    },
    "node_modules/is-obj": {
      "version": "2.0.0",
      "resolved": "https://registry.npmjs.org/is-obj/-/is-obj-2.0.0.tgz",
      "integrity": "sha512-drqDG3cbczxxEJRoOXcOjtdp1J/lyp1mNn0xaznRs8+muBhgQcrnbspox5X5fOw0HnMnbfDzvnEMEtqDEJEo8w==",
      "license": "MIT",
      "engines": {
        "node": ">=8"
      }
    },
    "node_modules/lodash.isequal": {
      "version": "4.5.0",
      "resolved": "https://registry.npmjs.org/lodash.isequal/-/lodash.isequal-4.5.0.tgz",
      "integrity": "sha512-pDo3lu8Jhfjqls6GkMgpahsF9kCyayhgykjyLMNFTKWrpVdAQtYyB4muAMWozBB4ig/dtWAmsMxLEI8wuz+DYQ==",
      "deprecated": "This package is deprecated. Use require('node:util').isDeepStrictEqual instead.",
      "license": "MIT"
    },
    "node_modules/ms": {
      "version": "2.1.3",
      "resolved": "https://registry.npmjs.org/ms/-/ms-2.1.3.tgz",
      "integrity": "sha512-6FlzubTLZG3J2a/NVCAleEhjzq5oxgHyaCU9yYXvcLsvoVaHJq/s5xXI6/XXP6tz7R9xAOtHnSO/tXtF3WRTlA==",
      "license": "MIT"
    },
    "node_modules/node-releases": {
      "version": "2.0.47",
      "resolved": "https://registry.npmjs.org/node-releases/-/node-releases-2.0.47.tgz",
      "integrity": "sha512-Uzmd6LXpouKo8EUK68IjH4+E01w/hXyV3R3g/geCJo+rXLNfh1xucB+LOzYEOQPSiUK3h/xZf0cQGcSsmyL2Og==",
      "license": "MIT",
      "engines": {
        "node": ">=18"
      }
    },
    "node_modules/ow": {
      "version": "0.28.2",
      "resolved": "https://registry.npmjs.org/ow/-/ow-0.28.2.tgz",
      "integrity": "sha512-dD4UpyBh/9m4X2NVjA+73/ZPBRF+uF4zIMFvvQsabMiEK8x41L3rQ8EENOi35kyyoaJwNxEeJcP6Fj1H4U409Q==",
      "license": "MIT",
      "dependencies": {
        "@sindresorhus/is": "^4.2.0",
        "callsites": "^3.1.0",
        "dot-prop": "^6.0.1",
        "lodash.isequal": "^4.5.0",
        "vali-date": "^1.0.0"
      },
      "engines": {
        "node": ">=12"
      },
      "funding": {
        "url": "https://github.com/sponsors/sindresorhus"
      }
    },
    "node_modules/patchright": {
      "version": "1.60.2",
      "resolved": "https://registry.npmjs.org/patchright/-/patchright-1.60.2.tgz",
      "integrity": "sha512-4gkWJllmwVcqrcAxjecy6XFsA2df/VXVPj5t+Ezimwm/LPr2QYY8nzcj2FBAb/3u67wu58EXAPLlIZzuFKbeqA==",
      "license": "Apache-2.0",
      "dependencies": {
        "patchright-core": "1.60.2"
      },
      "bin": {
        "patchright": "cli.js"
      },
      "engines": {
        "node": ">=18"
      },
      "optionalDependencies": {
        "fsevents": "2.3.2"
      }
    },
    "node_modules/patchright-core": {
      "version": "1.60.2",
      "resolved": "https://registry.npmjs.org/patchright-core/-/patchright-core-1.60.2.tgz",
      "integrity": "sha512-AzUYfbXla1/VVvIKJYK+tOQkdx7PwIM5qSnxz7Hnf2CcRdnqnM6n+goPQl3JLlLdeLj0WA6xlzRn2w/Da7wD4g==",
      "license": "Apache-2.0",
      "bin": {
        "patchright-core": "cli.js"
      },
      "engines": {
        "node": ">=18"
      }
    },
    "node_modules/picocolors": {
      "version": "1.1.1",
      "resolved": "https://registry.npmjs.org/picocolors/-/picocolors-1.1.1.tgz",
      "integrity": "sha512-xceH2snhtb5M9liqDsmEw56le376mTZkEX/jEb/RxNFyegNul7eNslCXP9FDj/Lcu0X8KEyMceP2ntpaHrDEVA==",
      "license": "ISC"
    },
    "node_modules/playwright": {
      "version": "1.60.0",
      "resolved": "https://registry.npmjs.org/playwright/-/playwright-1.60.0.tgz",
      "integrity": "sha512-hheHdokM8cdqCb0lcE3s+zT4t4W+vvjpGxsZlDnikarzx8tSzMebh3UiFtgqwFwnTnjYQcsyMF8ei2mCO/tpeA==",
      "license": "Apache-2.0",
      "dependencies": {
        "playwright-core": "1.60.0"
      },
      "bin": {
        "playwright": "cli.js"
      },
      "engines": {
        "node": ">=18"
      },
      "optionalDependencies": {
        "fsevents": "2.3.2"
      }
    },
    "node_modules/playwright-core": {
      "version": "1.60.0",
      "resolved": "https://registry.npmjs.org/playwright-core/-/playwright-core-1.60.0.tgz",
      "integrity": "sha512-9bW6zvX/m0lEbgTKJ6YppOKx8H3VOPBMOCFh2irXFOT4BbHgrx5hPjwJYLT40Lu+4qtD36qKc/Hn56StUW57IA==",
      "license": "Apache-2.0",
      "bin": {
        "playwright-core": "cli.js"
      },
      "engines": {
        "node": ">=18"
      }
    },
    "node_modules/playwright-ghost": {
      "version": "0.18.0",
      "resolved": "https://registry.npmjs.org/playwright-ghost/-/playwright-ghost-0.18.0.tgz",
      "integrity": "sha512-FsUbObii2Jy3ntKPnbHXNGFGHMpJkvv3BqV6uQnpZb20D0kLuVp7nn8ODOY9FILXbMYTOXS8SA4qcpATSMJBuw==",
      "funding": [
        "https://buymeacoffee.com/regseb",
        "https://www.paypal.me/sebastienregne"
      ],
      "license": "MIT",
      "dependencies": {
        "ghost-cursor": "1.4.2",
        "playwright-core": "1.58.2",
        "ws": "8.20.0"
      },
      "engines": {
        "node": ">=22.20.0"
      },
      "peerDependencies": {
        "@ghostery/adblocker-playwright": ">=2.14.1",
        "@lightpanda/browser": ">=1.2.0",
        "camoufox-js": ">=0.9.3",
        "fingerprint-generator": ">=2.1.81",
        "fingerprint-injector": ">=2.1.81",
        "patchright": ">=1.58.0",
        "playwright": ">=1.58.0"
      },
      "peerDependenciesMeta": {
        "@ghostery/adblocker-playwright": {
          "optional": true
        },
        "@lightpanda/browser": {
          "optional": true
        },
        "camoufox-js": {
          "optional": true
        },
        "fingerprint-generator": {
          "optional": true
        },
        "fingerprint-injector": {
          "optional": true
        },
        "patchright": {
          "optional": true
        },
        "playwright": {
          "optional": true
        }
      }
    },
    "node_modules/playwright-ghost/node_modules/playwright-core": {
      "version": "1.58.2",
      "resolved": "https://registry.npmjs.org/playwright-core/-/playwright-core-1.58.2.tgz",
      "integrity": "sha512-yZkEtftgwS8CsfYo7nm0KE8jsvm6i/PTgVtB8DL726wNf6H2IMsDuxCpJj59KDaxCtSnrWan2AeDqM7JBaultg==",
      "license": "Apache-2.0",
      "bin": {
        "playwright-core": "cli.js"
      },
      "engines": {
        "node": ">=18"
      }
    },
    "node_modules/tslib": {
      "version": "2.8.1",
      "resolved": "https://registry.npmjs.org/tslib/-/tslib-2.8.1.tgz",
      "integrity": "sha512-oJFu94HQb+KVduSUQL7wnpmqnfmLsOA/nAh6b6EH0wCEoK0/mPeXU6c3wKDV83MkOuHPRHtSXKKU99IBazS/2w==",
      "license": "0BSD"
    },
    "node_modules/update-browserslist-db": {
      "version": "1.2.3",
      "resolved": "https://registry.npmjs.org/update-browserslist-db/-/update-browserslist-db-1.2.3.tgz",
      "integrity": "sha512-Js0m9cx+qOgDxo0eMiFGEueWztz+d4+M3rGlmKPT+T4IS/jP4ylw3Nwpu6cpTTP8R1MAC1kF4VbdLt3ARf209w==",
      "funding": [
        {
          "type": "opencollective",
          "url": "https://opencollective.com/browserslist"
        },
        {
          "type": "tidelift",
          "url": "https://tidelift.com/funding/github/npm/browserslist"
        },
        {
          "type": "github",
          "url": "https://github.com/sponsors/ai"
        }
      ],
      "license": "MIT",
      "dependencies": {
        "escalade": "^3.2.0",
        "picocolors": "^1.1.1"
      },
      "bin": {
        "update-browserslist-db": "cli.js"
      },
      "peerDependencies": {
        "browserslist": ">= 4.21.0"
      }
    },
    "node_modules/vali-date": {
      "version": "1.0.0",
      "resolved": "https://registry.npmjs.org/vali-date/-/vali-date-1.0.0.tgz",
      "integrity": "sha512-sgECfZthyaCKW10N0fm27cg8HYTFK5qMWgypqkXMQ4Wbl/zZKx7xZICgcoxIIE+WFAP/MBL2EFwC/YvLxw3Zeg==",
      "license": "MIT",
      "engines": {
        "node": ">=0.10.0"
      }
    },
    "node_modules/ws": {
      "version": "8.20.0",
      "resolved": "https://registry.npmjs.org/ws/-/ws-8.20.0.tgz",
      "integrity": "sha512-sAt8BhgNbzCtgGbt2OxmpuryO63ZoDk/sqaB/znQm94T4fCEsy/yV+7CdC1kJhOU9lboAEU7R3kquuycDoibVA==",
      "license": "MIT",
      "engines": {
        "node": ">=10.0.0"
      },
      "peerDependencies": {
        "bufferutil": "^4.0.1",
        "utf-8-validate": ">=5.0.2"
      },
      "peerDependenciesMeta": {
        "bufferutil": {
          "optional": true
        },
        "utf-8-validate": {
          "optional": true
        }
      }
    }
  }
}
